// !$*UTF8*$!
{
	archiveVersion = 1;
	classes = {
	};
	objectVersion = 46;
	objects = {

/* Begin PBXBuildFile section */
		6B097F8018C8D6A500826B45 /* PreferencesWindow.xib in Resources */ = {isa = PBXBuildFile; fileRef = 6B097F7F18C8D6A500826B45 /* PreferencesWindow.xib */; };
		6B097F8D18C8DE1B00826B45 /* PreferencesWindow.m in Sources */ = {isa = PBXBuildFile; fileRef = 6B097F8C18C8DE1B00826B45 /* PreferencesWindow.m */; };
		6B097F9618C9D25500826B45 /* NSFileManager+DirectoryLocations.m in Sources */ = {isa = PBXBuildFile; fileRef = 6B097F9518C9D25500826B45 /* NSFileManager+DirectoryLocations.m */; };
		6B097F9818C9DC1B00826B45 /* ServiceManagement.framework in Frameworks */ = {isa = PBXBuildFile; fileRef = 6B097F9718C9DC1B00826B45 /* ServiceManagement.framework */; };
		6B097F9E18C9DEF900826B45 /* Cocoa.framework in Frameworks */ = {isa = PBXBuildFile; fileRef = 6B7A1D0F18B4A9EE002493B9 /* Cocoa.framework */; };
		6B097FA418C9DEF900826B45 /* InfoPlist.strings in Resources */ = {isa = PBXBuildFile; fileRef = 6B097FA218C9DEF900826B45 /* InfoPlist.strings */; };
		6B097FA618C9DEF900826B45 /* main.m in Sources */ = {isa = PBXBuildFile; fileRef = 6B097FA518C9DEF900826B45 /* main.m */; };
		6B097FAA18C9DEF900826B45 /* Credits.rtf in Resources */ = {isa = PBXBuildFile; fileRef = 6B097FA818C9DEF900826B45 /* Credits.rtf */; };
		6B097FAD18C9DEF900826B45 /* AppDelegate.m in Sources */ = {isa = PBXBuildFile; fileRef = 6B097FAC18C9DEF900826B45 /* AppDelegate.m */; };
		6B097FB018C9DEF900826B45 /* MainMenu.xib in Resources */ = {isa = PBXBuildFile; fileRef = 6B097FAE18C9DEF900826B45 /* MainMenu.xib */; };
		6B097FB218C9DEF900826B45 /* Images.xcassets in Resources */ = {isa = PBXBuildFile; fileRef = 6B097FB118C9DEF900826B45 /* Images.xcassets */; };
		6B097FCD18C9EDDD00826B45 /* MongoHelper.app in Copy Helper */ = {isa = PBXBuildFile; fileRef = 6B097F9D18C9DEF900826B45 /* MongoHelper.app */; };
		6B32306218C27E920064E3D0 /* MongoServer.m in Sources */ = {isa = PBXBuildFile; fileRef = 6B32306118C27E920064E3D0 /* MongoServer.m */; };
		6B32306918C298260064E3D0 /* Foundation.framework in Frameworks */ = {isa = PBXBuildFile; fileRef = 6B32306818C298260064E3D0 /* Foundation.framework */; };
		6B32306F18C298260064E3D0 /* InfoPlist.strings in Resources */ = {isa = PBXBuildFile; fileRef = 6B32306D18C298260064E3D0 /* InfoPlist.strings */; };
		6B32307218C298260064E3D0 /* main.m in Sources */ = {isa = PBXBuildFile; fileRef = 6B32307118C298260064E3D0 /* main.m */; };
		6B3230A118C681590064E3D0 /* mongodb in Copy Database Binary */ = {isa = PBXBuildFile; fileRef = 6B3230A018C681590064E3D0 /* mongodb */; };
		6B3FB29618C62CE100AA2705 /* ru.pkozlov.MongoService.xpc in Copy XPC Service */ = {isa = PBXBuildFile; fileRef = 6B32306718C298260064E3D0 /* ru.pkozlov.MongoService.xpc */; };
		6B7A1D1018B4A9EE002493B9 /* Cocoa.framework in Frameworks */ = {isa = PBXBuildFile; fileRef = 6B7A1D0F18B4A9EE002493B9 /* Cocoa.framework */; };
		6B7A1D1A18B4A9EE002493B9 /* InfoPlist.strings in Resources */ = {isa = PBXBuildFile; fileRef = 6B7A1D1818B4A9EE002493B9 /* InfoPlist.strings */; };
		6B7A1D1C18B4A9EE002493B9 /* main.m in Sources */ = {isa = PBXBuildFile; fileRef = 6B7A1D1B18B4A9EE002493B9 /* main.m */; };
		6B7A1D2018B4A9EE002493B9 /* Credits.rtf in Resources */ = {isa = PBXBuildFile; fileRef = 6B7A1D1E18B4A9EE002493B9 /* Credits.rtf */; };
		6B7A1D2318B4A9EE002493B9 /* AppDelegate.m in Sources */ = {isa = PBXBuildFile; fileRef = 6B7A1D2218B4A9EE002493B9 /* AppDelegate.m */; };
		6B7A1D2618B4A9EE002493B9 /* MainMenu.xib in Resources */ = {isa = PBXBuildFile; fileRef = 6B7A1D2418B4A9EE002493B9 /* MainMenu.xib */; };
		6B7A1D2818B4A9EE002493B9 /* Images.xcassets in Resources */ = {isa = PBXBuildFile; fileRef = 6B7A1D2718B4A9EE002493B9 /* Images.xcassets */; };
		6BD24EBB19614CBD00F4AACB /* Sparkle.framework in Frameworks */ = {isa = PBXBuildFile; fileRef = 6BD24EBA19614CBD00F4AACB /* Sparkle.framework */; };
		6BD24EBD19614D8C00F4AACB /* Sparkle.framework in Copy Sparkle Framework */ = {isa = PBXBuildFile; fileRef = 6BD24EBA19614CBD00F4AACB /* Sparkle.framework */; };
/* End PBXBuildFile section */

/* Begin PBXContainerItemProxy section */
		6B097FCA18C9ECD500826B45 /* PBXContainerItemProxy */ = {
			isa = PBXContainerItemProxy;
			containerPortal = 6B7A1D0418B4A9EE002493B9 /* Project object */;
			proxyType = 1;
			remoteGlobalIDString = 6B097F9C18C9DEF900826B45;
			remoteInfo = MongoHelper;
		};
		6B32307718C29B910064E3D0 /* PBXContainerItemProxy */ = {
			isa = PBXContainerItemProxy;
			containerPortal = 6B7A1D0418B4A9EE002493B9 /* Project object */;
			proxyType = 1;
			remoteGlobalIDString = 6B32306618C298260064E3D0;
			remoteInfo = MongoService;
		};
/* End PBXContainerItemProxy section */

/* Begin PBXCopyFilesBuildPhase section */
		6B0747D018C62C7100339B2E /* Copy XPC Service */ = {
			isa = PBXCopyFilesBuildPhase;
			buildActionMask = 2147483647;
			dstPath = "$(CONTENTS_FOLDER_PATH)/XPCServices";
			dstSubfolderSpec = 16;
			files = (
				6B3FB29618C62CE100AA2705 /* ru.pkozlov.MongoService.xpc in Copy XPC Service */,
			);
			name = "Copy XPC Service";
			runOnlyForDeploymentPostprocessing = 0;
		};
		6B097FCC18C9ED9F00826B45 /* Copy Helper */ = {
			isa = PBXCopyFilesBuildPhase;
			buildActionMask = 2147483647;
			dstPath = Contents/Library/LoginItems;
			dstSubfolderSpec = 1;
			files = (
				6B097FCD18C9EDDD00826B45 /* MongoHelper.app in Copy Helper */,
			);
			name = "Copy Helper";
			runOnlyForDeploymentPostprocessing = 0;
		};
		6B32309F18C6811F0064E3D0 /* Copy Database Binary */ = {
			isa = PBXCopyFilesBuildPhase;
			buildActionMask = 12;
			dstPath = "";
			dstSubfolderSpec = 6;
			files = (
				6B3230A118C681590064E3D0 /* mongodb in Copy Database Binary */,
			);
			name = "Copy Database Binary";
			runOnlyForDeploymentPostprocessing = 0;
		};
		6BD24EBC19614D6A00F4AACB /* Copy Sparkle Framework */ = {
			isa = PBXCopyFilesBuildPhase;
			buildActionMask = 2147483647;
			dstPath = "";
			dstSubfolderSpec = 10;
			files = (
				6BD24EBD19614D8C00F4AACB /* Sparkle.framework in Copy Sparkle Framework */,
			);
			name = "Copy Sparkle Framework";
			runOnlyForDeploymentPostprocessing = 0;
		};
/* End PBXCopyFilesBuildPhase section */

/* Begin PBXFileReference section */
		6B097F7E18C8C18A00826B45 /* Constants.h */ = {isa = PBXFileReference; lastKnownFileType = sourcecode.c.h; path = Constants.h; sourceTree = "<group>"; };
		6B097F7F18C8D6A500826B45 /* PreferencesWindow.xib */ = {isa = PBXFileReference; fileEncoding = 4; lastKnownFileType = file.xib; path = PreferencesWindow.xib; sourceTree = "<group>"; };
		6B097F8B18C8DE1B00826B45 /* PreferencesWindow.h */ = {isa = PBXFileReference; fileEncoding = 4; lastKnownFileType = sourcecode.c.h; path = PreferencesWindow.h; sourceTree = "<group>"; };
		6B097F8C18C8DE1B00826B45 /* PreferencesWindow.m */ = {isa = PBXFileReference; fileEncoding = 4; lastKnownFileType = sourcecode.c.objc; path = PreferencesWindow.m; sourceTree = "<group>"; };
		6B097F9418C9D25500826B45 /* NSFileManager+DirectoryLocations.h */ = {isa = PBXFileReference; fileEncoding = 4; lastKnownFileType = sourcecode.c.h; path = "NSFileManager+DirectoryLocations.h"; sourceTree = "<group>"; };
		6B097F9518C9D25500826B45 /* NSFileManager+DirectoryLocations.m */ = {isa = PBXFileReference; fileEncoding = 4; lastKnownFileType = sourcecode.c.objc; path = "NSFileManager+DirectoryLocations.m"; sourceTree = "<group>"; };
		6B097F9718C9DC1B00826B45 /* ServiceManagement.framework */ = {isa = PBXFileReference; lastKnownFileType = wrapper.framework; name = ServiceManagement.framework; path = System/Library/Frameworks/ServiceManagement.framework; sourceTree = SDKROOT; };
		6B097F9D18C9DEF900826B45 /* MongoHelper.app */ = {isa = PBXFileReference; explicitFileType = wrapper.application; includeInIndex = 0; path = MongoHelper.app; sourceTree = BUILT_PRODUCTS_DIR; };
		6B097FA118C9DEF900826B45 /* MongoHelper-Info.plist */ = {isa = PBXFileReference; lastKnownFileType = text.plist.xml; path = "MongoHelper-Info.plist"; sourceTree = "<group>"; };
		6B097FA318C9DEF900826B45 /* en */ = {isa = PBXFileReference; lastKnownFileType = text.plist.strings; name = en; path = en.lproj/InfoPlist.strings; sourceTree = "<group>"; };
		6B097FA518C9DEF900826B45 /* main.m */ = {isa = PBXFileReference; lastKnownFileType = sourcecode.c.objc; path = main.m; sourceTree = "<group>"; };
		6B097FA718C9DEF900826B45 /* MongoHelper-Prefix.pch */ = {isa = PBXFileReference; lastKnownFileType = sourcecode.c.h; path = "MongoHelper-Prefix.pch"; sourceTree = "<group>"; };
		6B097FA918C9DEF900826B45 /* en */ = {isa = PBXFileReference; lastKnownFileType = text.rtf; name = en; path = en.lproj/Credits.rtf; sourceTree = "<group>"; };
		6B097FAB18C9DEF900826B45 /* AppDelegate.h */ = {isa = PBXFileReference; lastKnownFileType = sourcecode.c.h; path = AppDelegate.h; sourceTree = "<group>"; };
		6B097FAC18C9DEF900826B45 /* AppDelegate.m */ = {isa = PBXFileReference; lastKnownFileType = sourcecode.c.objc; path = AppDelegate.m; sourceTree = "<group>"; };
		6B097FAF18C9DEF900826B45 /* Base */ = {isa = PBXFileReference; lastKnownFileType = file.xib; name = Base; path = Base.lproj/MainMenu.xib; sourceTree = "<group>"; };
		6B097FB118C9DEF900826B45 /* Images.xcassets */ = {isa = PBXFileReference; lastKnownFileType = folder.assetcatalog; path = Images.xcassets; sourceTree = "<group>"; };
		6B32306018C27E920064E3D0 /* MongoServer.h */ = {isa = PBXFileReference; fileEncoding = 4; lastKnownFileType = sourcecode.c.h; path = MongoServer.h; sourceTree = "<group>"; };
		6B32306118C27E920064E3D0 /* MongoServer.m */ = {isa = PBXFileReference; fileEncoding = 4; lastKnownFileType = sourcecode.c.objc; path = MongoServer.m; sourceTree = "<group>"; };
		6B32306718C298260064E3D0 /* ru.pkozlov.MongoService.xpc */ = {isa = PBXFileReference; explicitFileType = wrapper.cfbundle; includeInIndex = 0; path = ru.pkozlov.MongoService.xpc; sourceTree = BUILT_PRODUCTS_DIR; };
		6B32306818C298260064E3D0 /* Foundation.framework */ = {isa = PBXFileReference; lastKnownFileType = wrapper.framework; name = Foundation.framework; path = System/Library/Frameworks/Foundation.framework; sourceTree = SDKROOT; };
		6B32306C18C298260064E3D0 /* MongoService-Info.plist */ = {isa = PBXFileReference; lastKnownFileType = text.plist.xml; path = "MongoService-Info.plist"; sourceTree = "<group>"; };
		6B32306E18C298260064E3D0 /* en */ = {isa = PBXFileReference; lastKnownFileType = text.plist.strings; name = en; path = en.lproj/InfoPlist.strings; sourceTree = "<group>"; };
		6B32307018C298260064E3D0 /* MongoService-Prefix.pch */ = {isa = PBXFileReference; lastKnownFileType = sourcecode.c.h; path = "MongoService-Prefix.pch"; sourceTree = "<group>"; };
		6B32307118C298260064E3D0 /* main.m */ = {isa = PBXFileReference; lastKnownFileType = sourcecode.c.objc; path = main.m; sourceTree = "<group>"; };
		6B3230A018C681590064E3D0 /* mongodb */ = {isa = PBXFileReference; lastKnownFileType = folder; name = mongodb; path = ../mongodb; sourceTree = "<group>"; };
		6B7A1D0C18B4A9EE002493B9 /* Mongo.app */ = {isa = PBXFileReference; explicitFileType = wrapper.application; includeInIndex = 0; path = Mongo.app; sourceTree = BUILT_PRODUCTS_DIR; };
		6B7A1D0F18B4A9EE002493B9 /* Cocoa.framework */ = {isa = PBXFileReference; lastKnownFileType = wrapper.framework; name = Cocoa.framework; path = System/Library/Frameworks/Cocoa.framework; sourceTree = SDKROOT; };
		6B7A1D1218B4A9EE002493B9 /* AppKit.framework */ = {isa = PBXFileReference; lastKnownFileType = wrapper.framework; name = AppKit.framework; path = System/Library/Frameworks/AppKit.framework; sourceTree = SDKROOT; };
		6B7A1D1318B4A9EE002493B9 /* CoreData.framework */ = {isa = PBXFileReference; lastKnownFileType = wrapper.framework; name = CoreData.framework; path = System/Library/Frameworks/CoreData.framework; sourceTree = SDKROOT; };
		6B7A1D1418B4A9EE002493B9 /* Foundation.framework */ = {isa = PBXFileReference; lastKnownFileType = wrapper.framework; name = Foundation.framework; path = System/Library/Frameworks/Foundation.framework; sourceTree = SDKROOT; };
		6B7A1D1718B4A9EE002493B9 /* Mongo-Info.plist */ = {isa = PBXFileReference; lastKnownFileType = text.plist.xml; path = "Mongo-Info.plist"; sourceTree = "<group>"; };
		6B7A1D1918B4A9EE002493B9 /* en */ = {isa = PBXFileReference; lastKnownFileType = text.plist.strings; name = en; path = en.lproj/InfoPlist.strings; sourceTree = "<group>"; };
		6B7A1D1B18B4A9EE002493B9 /* main.m */ = {isa = PBXFileReference; lastKnownFileType = sourcecode.c.objc; path = main.m; sourceTree = "<group>"; };
		6B7A1D1D18B4A9EE002493B9 /* Mongo-Prefix.pch */ = {isa = PBXFileReference; lastKnownFileType = sourcecode.c.h; path = "Mongo-Prefix.pch"; sourceTree = "<group>"; };
		6B7A1D1F18B4A9EE002493B9 /* en */ = {isa = PBXFileReference; lastKnownFileType = text.rtf; name = en; path = en.lproj/Credits.rtf; sourceTree = "<group>"; };
		6B7A1D2118B4A9EE002493B9 /* AppDelegate.h */ = {isa = PBXFileReference; lastKnownFileType = sourcecode.c.h; path = AppDelegate.h; sourceTree = "<group>"; };
		6B7A1D2218B4A9EE002493B9 /* AppDelegate.m */ = {isa = PBXFileReference; lastKnownFileType = sourcecode.c.objc; path = AppDelegate.m; sourceTree = "<group>"; };
		6B7A1D2518B4A9EE002493B9 /* Base */ = {isa = PBXFileReference; lastKnownFileType = file.xib; name = Base; path = Base.lproj/MainMenu.xib; sourceTree = "<group>"; };
		6B7A1D2718B4A9EE002493B9 /* Images.xcassets */ = {isa = PBXFileReference; lastKnownFileType = folder.assetcatalog; path = Images.xcassets; sourceTree = "<group>"; };
		6B7A1D2E18B4A9EE002493B9 /* XCTest.framework */ = {isa = PBXFileReference; lastKnownFileType = wrapper.framework; name = XCTest.framework; path = Library/Frameworks/XCTest.framework; sourceTree = DEVELOPER_DIR; };
		6BD24EBA19614CBD00F4AACB /* Sparkle.framework */ = {isa = PBXFileReference; lastKnownFileType = wrapper.framework; path = Sparkle.framework; sourceTree = "<group>"; };
/* End PBXFileReference section */

/* Begin PBXFrameworksBuildPhase section */
		6B097F9A18C9DEF900826B45 /* Frameworks */ = {
			isa = PBXFrameworksBuildPhase;
			buildActionMask = 2147483647;
			files = (
				6B097F9E18C9DEF900826B45 /* Cocoa.framework in Frameworks */,
			);
			runOnlyForDeploymentPostprocessing = 0;
		};
		6B32306418C298260064E3D0 /* Frameworks */ = {
			isa = PBXFrameworksBuildPhase;
			buildActionMask = 2147483647;
			files = (
				6B32306918C298260064E3D0 /* Foundation.framework in Frameworks */,
			);
			runOnlyForDeploymentPostprocessing = 0;
		};
		6B7A1D0918B4A9EE002493B9 /* Frameworks */ = {
			isa = PBXFrameworksBuildPhase;
			buildActionMask = 2147483647;
			files = (
				6B097F9818C9DC1B00826B45 /* ServiceManagement.framework in Frameworks */,
				6BD24EBB19614CBD00F4AACB /* Sparkle.framework in Frameworks */,
				6B7A1D1018B4A9EE002493B9 /* Cocoa.framework in Frameworks */,
			);
			runOnlyForDeploymentPostprocessing = 0;
		};
/* End PBXFrameworksBuildPhase section */

/* Begin PBXGroup section */
		6B097F9F18C9DEF900826B45 /* MongoHelper */ = {
			isa = PBXGroup;
			children = (
				6B097FAB18C9DEF900826B45 /* AppDelegate.h */,
				6B097FAC18C9DEF900826B45 /* AppDelegate.m */,
				6B097FAE18C9DEF900826B45 /* MainMenu.xib */,
				6B097FB118C9DEF900826B45 /* Images.xcassets */,
				6B097FA018C9DEF900826B45 /* Supporting Files */,
			);
			path = MongoHelper;
			sourceTree = "<group>";
		};
		6B097FA018C9DEF900826B45 /* Supporting Files */ = {
			isa = PBXGroup;
			children = (
				6B097FA118C9DEF900826B45 /* MongoHelper-Info.plist */,
				6B097FA218C9DEF900826B45 /* InfoPlist.strings */,
				6B097FA518C9DEF900826B45 /* main.m */,
				6B097FA718C9DEF900826B45 /* MongoHelper-Prefix.pch */,
				6B097FA818C9DEF900826B45 /* Credits.rtf */,
			);
			name = "Supporting Files";
			sourceTree = "<group>";
		};
		6B32306A18C298260064E3D0 /* MongoService */ = {
			isa = PBXGroup;
			children = (
				6B32307118C298260064E3D0 /* main.m */,
				6B32306B18C298260064E3D0 /* Supporting Files */,
			);
			path = MongoService;
			sourceTree = "<group>";
		};
		6B32306B18C298260064E3D0 /* Supporting Files */ = {
			isa = PBXGroup;
			children = (
				6B32306C18C298260064E3D0 /* MongoService-Info.plist */,
				6B32306D18C298260064E3D0 /* InfoPlist.strings */,
				6B32307018C298260064E3D0 /* MongoService-Prefix.pch */,
			);
			name = "Supporting Files";
			sourceTree = "<group>";
		};
		6B7A1D0318B4A9EE002493B9 = {
			isa = PBXGroup;
			children = (
				6B7A1D1518B4A9EE002493B9 /* MongoApp */,
				6B32306A18C298260064E3D0 /* MongoService */,
				6B097F9F18C9DEF900826B45 /* MongoHelper */,
				6B7A1D0E18B4A9EE002493B9 /* Frameworks */,
				6B7A1D0D18B4A9EE002493B9 /* Products */,
			);
			sourceTree = "<group>";
		};
		6B7A1D0D18B4A9EE002493B9 /* Products */ = {
			isa = PBXGroup;
			children = (
				6B7A1D0C18B4A9EE002493B9 /* Mongo.app */,
				6B32306718C298260064E3D0 /* ru.pkozlov.MongoService.xpc */,
				6B097F9D18C9DEF900826B45 /* MongoHelper.app */,
			);
			name = Products;
			sourceTree = "<group>";
		};
		6B7A1D0E18B4A9EE002493B9 /* Frameworks */ = {
			isa = PBXGroup;
			children = (
				6BD24EBA19614CBD00F4AACB /* Sparkle.framework */,
				6B097F9718C9DC1B00826B45 /* ServiceManagement.framework */,
				6B7A1D0F18B4A9EE002493B9 /* Cocoa.framework */,
				6B7A1D2E18B4A9EE002493B9 /* XCTest.framework */,
				6B32306818C298260064E3D0 /* Foundation.framework */,
				6B7A1D1118B4A9EE002493B9 /* Other Frameworks */,
			);
			name = Frameworks;
			sourceTree = "<group>";
		};
		6B7A1D1118B4A9EE002493B9 /* Other Frameworks */ = {
			isa = PBXGroup;
			children = (
				6B7A1D1218B4A9EE002493B9 /* AppKit.framework */,
				6B7A1D1318B4A9EE002493B9 /* CoreData.framework */,
				6B7A1D1418B4A9EE002493B9 /* Foundation.framework */,
			);
			name = "Other Frameworks";
			sourceTree = "<group>";
		};
		6B7A1D1518B4A9EE002493B9 /* MongoApp */ = {
			isa = PBXGroup;
			children = (
				6B097F7E18C8C18A00826B45 /* Constants.h */,
				6B7A1D2118B4A9EE002493B9 /* AppDelegate.h */,
				6B7A1D2218B4A9EE002493B9 /* AppDelegate.m */,
				6B32306018C27E920064E3D0 /* MongoServer.h */,
				6B32306118C27E920064E3D0 /* MongoServer.m */,
				6B7A1D2418B4A9EE002493B9 /* MainMenu.xib */,
				6B097F8B18C8DE1B00826B45 /* PreferencesWindow.h */,
				6B097F8C18C8DE1B00826B45 /* PreferencesWindow.m */,
				6B097F7F18C8D6A500826B45 /* PreferencesWindow.xib */,
				6B097F9418C9D25500826B45 /* NSFileManager+DirectoryLocations.h */,
				6B097F9518C9D25500826B45 /* NSFileManager+DirectoryLocations.m */,
				6B7A1D2718B4A9EE002493B9 /* Images.xcassets */,
				6B7A1D1618B4A9EE002493B9 /* Supporting Files */,
			);
			path = MongoApp;
			sourceTree = "<group>";
		};
		6B7A1D1618B4A9EE002493B9 /* Supporting Files */ = {
			isa = PBXGroup;
			children = (
				6B3230A018C681590064E3D0 /* mongodb */,
				6B7A1D1718B4A9EE002493B9 /* Mongo-Info.plist */,
				6B7A1D1818B4A9EE002493B9 /* InfoPlist.strings */,
				6B7A1D1B18B4A9EE002493B9 /* main.m */,
				6B7A1D1D18B4A9EE002493B9 /* Mongo-Prefix.pch */,
				6B7A1D1E18B4A9EE002493B9 /* Credits.rtf */,
			);
			name = "Supporting Files";
			sourceTree = "<group>";
		};
/* End PBXGroup section */

/* Begin PBXNativeTarget section */
		6B097F9C18C9DEF900826B45 /* MongoHelper */ = {
			isa = PBXNativeTarget;
			buildConfigurationList = 6B097FC418C9DEF900826B45 /* Build configuration list for PBXNativeTarget "MongoHelper" */;
			buildPhases = (
				6B097F9918C9DEF900826B45 /* Sources */,
				6B097F9A18C9DEF900826B45 /* Frameworks */,
				6B097F9B18C9DEF900826B45 /* Resources */,
			);
			buildRules = (
			);
			dependencies = (
			);
			name = MongoHelper;
			productName = MongoHelper;
			productReference = 6B097F9D18C9DEF900826B45 /* MongoHelper.app */;
			productType = "com.apple.product-type.application";
		};
		6B32306618C298260064E3D0 /* MongoService */ = {
			isa = PBXNativeTarget;
			buildConfigurationList = 6B32307318C298260064E3D0 /* Build configuration list for PBXNativeTarget "MongoService" */;
			buildPhases = (
				6B32306318C298260064E3D0 /* Sources */,
				6B32306418C298260064E3D0 /* Frameworks */,
				6B32306518C298260064E3D0 /* Resources */,
			);
			buildRules = (
			);
			dependencies = (
			);
			name = MongoService;
			productName = MongoService;
			productReference = 6B32306718C298260064E3D0 /* ru.pkozlov.MongoService.xpc */;
			productType = "com.apple.product-type.bundle";
		};
		6B7A1D0B18B4A9EE002493B9 /* Mongo */ = {
			isa = PBXNativeTarget;
			buildConfigurationList = 6B7A1D3D18B4A9EE002493B9 /* Build configuration list for PBXNativeTarget "Mongo" */;
			buildPhases = (
				6B7A1D0818B4A9EE002493B9 /* Sources */,
				6B7A1D0918B4A9EE002493B9 /* Frameworks */,
				6B0747D018C62C7100339B2E /* Copy XPC Service */,
				6B7A1D0A18B4A9EE002493B9 /* Resources */,
				6B32309F18C6811F0064E3D0 /* Copy Database Binary */,
				6B097FCC18C9ED9F00826B45 /* Copy Helper */,
				6BD24EBC19614D6A00F4AACB /* Copy Sparkle Framework */,
			);
			buildRules = (
			);
			dependencies = (
				6B097FCB18C9ECD500826B45 /* PBXTargetDependency */,
				6B32307818C29B910064E3D0 /* PBXTargetDependency */,
			);
			name = Mongo;
			productName = MongoApp;
			productReference = 6B7A1D0C18B4A9EE002493B9 /* Mongo.app */;
			productType = "com.apple.product-type.application";
		};
/* End PBXNativeTarget section */

/* Begin PBXProject section */
		6B7A1D0418B4A9EE002493B9 /* Project object */ = {
			isa = PBXProject;
			attributes = {
				LastUpgradeCheck = 0500;
				ORGANIZATIONNAME = "Pavel Kozlov";
				TargetAttributes = {
					6B7A1D0B18B4A9EE002493B9 = {
						DevelopmentTeam = M6E88M298T;
					};
				};
			};
			buildConfigurationList = 6B7A1D0718B4A9EE002493B9 /* Build configuration list for PBXProject "Mongo" */;
			compatibilityVersion = "Xcode 3.2";
			developmentRegion = English;
			hasScannedForEncodings = 0;
			knownRegions = (
				en,
				Base,
			);
			mainGroup = 6B7A1D0318B4A9EE002493B9;
			productRefGroup = 6B7A1D0D18B4A9EE002493B9 /* Products */;
			projectDirPath = "";
			projectRoot = "";
			targets = (
				6B7A1D0B18B4A9EE002493B9 /* Mongo */,
				6B32306618C298260064E3D0 /* MongoService */,
				6B097F9C18C9DEF900826B45 /* MongoHelper */,
			);
		};
/* End PBXProject section */

/* Begin PBXResourcesBuildPhase section */
		6B097F9B18C9DEF900826B45 /* Resources */ = {
			isa = PBXResourcesBuildPhase;
			buildActionMask = 2147483647;
			files = (
				6B097FA418C9DEF900826B45 /* InfoPlist.strings in Resources */,
				6B097FB218C9DEF900826B45 /* Images.xcassets in Resources */,
				6B097FAA18C9DEF900826B45 /* Credits.rtf in Resources */,
				6B097FB018C9DEF900826B45 /* MainMenu.xib in Resources */,
			);
			runOnlyForDeploymentPostprocessing = 0;
		};
		6B32306518C298260064E3D0 /* Resources */ = {
			isa = PBXResourcesBuildPhase;
			buildActionMask = 2147483647;
			files = (
				6B32306F18C298260064E3D0 /* InfoPlist.strings in Resources */,
			);
			runOnlyForDeploymentPostprocessing = 0;
		};
		6B7A1D0A18B4A9EE002493B9 /* Resources */ = {
			isa = PBXResourcesBuildPhase;
			buildActionMask = 2147483647;
			files = (
				6B7A1D1A18B4A9EE002493B9 /* InfoPlist.strings in Resources */,
				6B097F8018C8D6A500826B45 /* PreferencesWindow.xib in Resources */,
				6B7A1D2818B4A9EE002493B9 /* Images.xcassets in Resources */,
				6B7A1D2018B4A9EE002493B9 /* Credits.rtf in Resources */,
				6B7A1D2618B4A9EE002493B9 /* MainMenu.xib in Resources */,
			);
			runOnlyForDeploymentPostprocessing = 0;
		};
/* End PBXResourcesBuildPhase section */

/* Begin PBXSourcesBuildPhase section */
		6B097F9918C9DEF900826B45 /* Sources */ = {
			isa = PBXSourcesBuildPhase;
			buildActionMask = 2147483647;
			files = (
				6B097FAD18C9DEF900826B45 /* AppDelegate.m in Sources */,
				6B097FA618C9DEF900826B45 /* main.m in Sources */,
			);
			runOnlyForDeploymentPostprocessing = 0;
		};
		6B32306318C298260064E3D0 /* Sources */ = {
			isa = PBXSourcesBuildPhase;
			buildActionMask = 2147483647;
			files = (
				6B32307218C298260064E3D0 /* main.m in Sources */,
			);
			runOnlyForDeploymentPostprocessing = 0;
		};
		6B7A1D0818B4A9EE002493B9 /* Sources */ = {
			isa = PBXSourcesBuildPhase;
			buildActionMask = 2147483647;
			files = (
				6B097F8D18C8DE1B00826B45 /* PreferencesWindow.m in Sources */,
				6B097F9618C9D25500826B45 /* NSFileManager+DirectoryLocations.m in Sources */,
				6B32306218C27E920064E3D0 /* MongoServer.m in Sources */,
				6B7A1D2318B4A9EE002493B9 /* AppDelegate.m in Sources */,
				6B7A1D1C18B4A9EE002493B9 /* main.m in Sources */,
			);
			runOnlyForDeploymentPostprocessing = 0;
		};
/* End PBXSourcesBuildPhase section */

/* Begin PBXTargetDependency section */
		6B097FCB18C9ECD500826B45 /* PBXTargetDependency */ = {
			isa = PBXTargetDependency;
			target = 6B097F9C18C9DEF900826B45 /* MongoHelper */;
			targetProxy = 6B097FCA18C9ECD500826B45 /* PBXContainerItemProxy */;
		};
		6B32307818C29B910064E3D0 /* PBXTargetDependency */ = {
			isa = PBXTargetDependency;
			target = 6B32306618C298260064E3D0 /* MongoService */;
			targetProxy = 6B32307718C29B910064E3D0 /* PBXContainerItemProxy */;
		};
/* End PBXTargetDependency section */

/* Begin PBXVariantGroup section */
		6B097FA218C9DEF900826B45 /* InfoPlist.strings */ = {
			isa = PBXVariantGroup;
			children = (
				6B097FA318C9DEF900826B45 /* en */,
			);
			name = InfoPlist.strings;
			sourceTree = "<group>";
		};
		6B097FA818C9DEF900826B45 /* Credits.rtf */ = {
			isa = PBXVariantGroup;
			children = (
				6B097FA918C9DEF900826B45 /* en */,
			);
			name = Credits.rtf;
			sourceTree = "<group>";
		};
		6B097FAE18C9DEF900826B45 /* MainMenu.xib */ = {
			isa = PBXVariantGroup;
			children = (
				6B097FAF18C9DEF900826B45 /* Base */,
			);
			name = MainMenu.xib;
			sourceTree = "<group>";
		};
		6B32306D18C298260064E3D0 /* InfoPlist.strings */ = {
			isa = PBXVariantGroup;
			children = (
				6B32306E18C298260064E3D0 /* en */,
			);
			name = InfoPlist.strings;
			sourceTree = "<group>";
		};
		6B7A1D1818B4A9EE002493B9 /* InfoPlist.strings */ = {
			isa = PBXVariantGroup;
			children = (
				6B7A1D1918B4A9EE002493B9 /* en */,
			);
			name = InfoPlist.strings;
			sourceTree = "<group>";
		};
		6B7A1D1E18B4A9EE002493B9 /* Credits.rtf */ = {
			isa = PBXVariantGroup;
			children = (
				6B7A1D1F18B4A9EE002493B9 /* en */,
			);
			name = Credits.rtf;
			sourceTree = "<group>";
		};
		6B7A1D2418B4A9EE002493B9 /* MainMenu.xib */ = {
			isa = PBXVariantGroup;
			children = (
				6B7A1D2518B4A9EE002493B9 /* Base */,
			);
			name = MainMenu.xib;
			sourceTree = "<group>";
		};
/* End PBXVariantGroup section */

/* Begin XCBuildConfiguration section */
		6B097FC518C9DEF900826B45 /* Debug */ = {
			isa = XCBuildConfiguration;
			buildSettings = {
				ASSETCATALOG_COMPILER_APPICON_NAME = AppIcon;
				COMBINE_HIDPI_IMAGES = YES;
				GCC_PRECOMPILE_PREFIX_HEADER = YES;
				GCC_PREFIX_HEADER = "MongoHelper/MongoHelper-Prefix.pch";
				GCC_PREPROCESSOR_DEFINITIONS = (
					"DEBUG=1",
					"$(inherited)",
				);
				INFOPLIST_FILE = "MongoHelper/MongoHelper-Info.plist";
				PRODUCT_NAME = "$(TARGET_NAME)";
				WRAPPER_EXTENSION = app;
			};
			name = Debug;
		};
		6B097FC618C9DEF900826B45 /* Release */ = {
			isa = XCBuildConfiguration;
			buildSettings = {
				ASSETCATALOG_COMPILER_APPICON_NAME = AppIcon;
				COMBINE_HIDPI_IMAGES = YES;
				GCC_PRECOMPILE_PREFIX_HEADER = YES;
				GCC_PREFIX_HEADER = "MongoHelper/MongoHelper-Prefix.pch";
				INFOPLIST_FILE = "MongoHelper/MongoHelper-Info.plist";
				PRODUCT_NAME = "$(TARGET_NAME)";
				WRAPPER_EXTENSION = app;
			};
			name = Release;
		};
		6B32307418C298260064E3D0 /* Debug */ = {
			isa = XCBuildConfiguration;
			buildSettings = {
				COMBINE_HIDPI_IMAGES = YES;
				GCC_PRECOMPILE_PREFIX_HEADER = YES;
				GCC_PREFIX_HEADER = "MongoService/MongoService-Prefix.pch";
				GCC_PREPROCESSOR_DEFINITIONS = (
					"DEBUG=1",
					"$(inherited)",
				);
				INFOPLIST_FILE = "MongoService/MongoService-Info.plist";
				MACH_O_TYPE = mh_execute;
				PRODUCT_NAME = "ru.pkozlov.$(TARGET_NAME:rfc1034identifier)";
				WRAPPER_EXTENSION = xpc;
			};
			name = Debug;
		};
		6B32307518C298260064E3D0 /* Release */ = {
			isa = XCBuildConfiguration;
			buildSettings = {
				COMBINE_HIDPI_IMAGES = YES;
				GCC_PRECOMPILE_PREFIX_HEADER = YES;
				GCC_PREFIX_HEADER = "MongoService/MongoService-Prefix.pch";
				INFOPLIST_FILE = "MongoService/MongoService-Info.plist";
				MACH_O_TYPE = mh_execute;
				PRODUCT_NAME = "ru.pkozlov.$(TARGET_NAME:rfc1034identifier)";
				WRAPPER_EXTENSION = xpc;
			};
			name = Release;
		};
		6B7A1D3B18B4A9EE002493B9 /* Debug */ = {
			isa = XCBuildConfiguration;
			buildSettings = {
				ALWAYS_SEARCH_USER_PATHS = NO;
				CLANG_CXX_LANGUAGE_STANDARD = "gnu++0x";
				CLANG_CXX_LIBRARY = "libc++";
				CLANG_ENABLE_OBJC_ARC = YES;
				CLANG_WARN_BOOL_CONVERSION = YES;
				CLANG_WARN_CONSTANT_CONVERSION = YES;
				CLANG_WARN_DIRECT_OBJC_ISA_USAGE = YES_ERROR;
				CLANG_WARN_EMPTY_BODY = YES;
				CLANG_WARN_ENUM_CONVERSION = YES;
				CLANG_WARN_INT_CONVERSION = YES;
				CLANG_WARN_OBJC_ROOT_CLASS = YES_ERROR;
				CLANG_WARN__DUPLICATE_METHOD_MATCH = YES;
				COPY_PHASE_STRIP = NO;
				GCC_C_LANGUAGE_STANDARD = gnu99;
				GCC_DYNAMIC_NO_PIC = NO;
				GCC_ENABLE_OBJC_EXCEPTIONS = YES;
				GCC_OPTIMIZATION_LEVEL = 0;
				GCC_PREPROCESSOR_DEFINITIONS = (
					"DEBUG=1",
					"$(inherited)",
				);
				GCC_SYMBOLS_PRIVATE_EXTERN = NO;
				GCC_WARN_64_TO_32_BIT_CONVERSION = YES;
				GCC_WARN_ABOUT_RETURN_TYPE = YES_ERROR;
				GCC_WARN_UNDECLARED_SELECTOR = YES;
				GCC_WARN_UNINITIALIZED_AUTOS = YES;
				GCC_WARN_UNUSED_FUNCTION = YES;
				GCC_WARN_UNUSED_VARIABLE = YES;
				MACOSX_DEPLOYMENT_TARGET = 10.9;
				ONLY_ACTIVE_ARCH = YES;
				SDKROOT = macosx;
			};
			name = Debug;
		};
		6B7A1D3C18B4A9EE002493B9 /* Release */ = {
			isa = XCBuildConfiguration;
			buildSettings = {
				ALWAYS_SEARCH_USER_PATHS = NO;
				CLANG_CXX_LANGUAGE_STANDARD = "gnu++0x";
				CLANG_CXX_LIBRARY = "libc++";
				CLANG_ENABLE_OBJC_ARC = YES;
				CLANG_WARN_BOOL_CONVERSION = YES;
				CLANG_WARN_CONSTANT_CONVERSION = YES;
				CLANG_WARN_DIRECT_OBJC_ISA_USAGE = YES_ERROR;
				CLANG_WARN_EMPTY_BODY = YES;
				CLANG_WARN_ENUM_CONVERSION = YES;
				CLANG_WARN_INT_CONVERSION = YES;
				CLANG_WARN_OBJC_ROOT_CLASS = YES_ERROR;
				CLANG_WARN__DUPLICATE_METHOD_MATCH = YES;
				COPY_PHASE_STRIP = YES;
				DEBUG_INFORMATION_FORMAT = "dwarf-with-dsym";
				ENABLE_NS_ASSERTIONS = NO;
				GCC_C_LANGUAGE_STANDARD = gnu99;
				GCC_ENABLE_OBJC_EXCEPTIONS = YES;
				GCC_WARN_64_TO_32_BIT_CONVERSION = YES;
				GCC_WARN_ABOUT_RETURN_TYPE = YES_ERROR;
				GCC_WARN_UNDECLARED_SELECTOR = YES;
				GCC_WARN_UNINITIALIZED_AUTOS = YES;
				GCC_WARN_UNUSED_FUNCTION = YES;
				GCC_WARN_UNUSED_VARIABLE = YES;
				MACOSX_DEPLOYMENT_TARGET = 10.9;
				SDKROOT = macosx;
			};
			name = Release;
		};
		6B7A1D3E18B4A9EE002493B9 /* Debug */ = {
			isa = XCBuildConfiguration;
			buildSettings = {
				ASSETCATALOG_COMPILER_APPICON_NAME = AppIcon;
				CODE_SIGN_IDENTITY = "Mac Developer";
				COMBINE_HIDPI_IMAGES = YES;
				FRAMEWORK_SEARCH_PATHS = (
					"$(inherited)",
					/Users/gravizappa/Projects/My/MongoApp,
					"$(PROJECT_DIR)",
				);
				GCC_PRECOMPILE_PREFIX_HEADER = YES;
				GCC_PREFIX_HEADER = "MongoApp/Mongo-Prefix.pch";
				INFOPLIST_FILE = "MongoApp/Mongo-Info.plist";
				OTHER_CODE_SIGN_FLAGS = "--deep";
				PRODUCT_NAME = Mongo;
				WRAPPER_EXTENSION = app;
			};
			name = Debug;
		};
		6B7A1D3F18B4A9EE002493B9 /* Release */ = {
			isa = XCBuildConfiguration;
			buildSettings = {
				ASSETCATALOG_COMPILER_APPICON_NAME = AppIcon;
				CODE_SIGN_IDENTITY = "Mac Developer";
				COMBINE_HIDPI_IMAGES = YES;
				FRAMEWORK_SEARCH_PATHS = (
					"$(inherited)",
					/Users/gravizappa/Projects/My/MongoApp,
					"$(PROJECT_DIR)",
				);
				GCC_PRECOMPILE_PREFIX_HEADER = YES;
				GCC_PREFIX_HEADER = "MongoApp/Mongo-Prefix.pch";
				INFOPLIST_FILE = "MongoApp/Mongo-Info.plist";
				OTHER_CODE_SIGN_FLAGS = "--deep";
				PRODUCT_NAME = Mongo;
				WRAPPER_EXTENSION = app;
			};
			name = Release;
		};
/* End XCBuildConfiguration section */

/* Begin XCConfigurationList section */
		6B097FC418C9DEF900826B45 /* Build configuration list for PBXNativeTarget "MongoHelper" */ = {
			isa = XCConfigurationList;
			buildConfigurations = (
				6B097FC518C9DEF900826B45 /* Debug */,
				6B097FC618C9DEF900826B45 /* Release */,
			);
			defaultConfigurationIsVisible = 0;
			defaultConfigurationName = Release;
		};
		6B32307318C298260064E3D0 /* Build configuration list for PBXNativeTarget "MongoService" */ = {
			isa = XCConfigurationList;
			buildConfigurations = (
				6B32307418C298260064E3D0 /* Debug */,
				6B32307518C298260064E3D0 /* Release */,
			);
			defaultConfigurationIsVisible = 0;
			defaultConfigurationName = Release;
		};
		6B7A1D0718B4A9EE002493B9 /* Build configuration list for PBXProject "Mongo" */ = {
			isa = XCConfigurationList;
			buildConfigurations = (
				6B7A1D3B18B4A9EE002493B9 /* Debug */,
				6B7A1D3C18B4A9EE002493B9 /* Release */,
			);
			defaultConfigurationIsVisible = 0;
			defaultConfigurationName = Release;
		};
		6B7A1D3D18B4A9EE002493B9 /* Build configuration list for PBXNativeTarget "Mongo" */ = {
			isa = XCConfigurationList;
			buildConfigurations = (
				6B7A1D3E18B4A9EE002493B9 /* Debug */,
				6B7A1D3F18B4A9EE002493B9 /* Release */,
			);
			defaultConfigurationIsVisible = 0;
			defaultConfigurationName = Release;
		};
/* End XCConfigurationList section */
	};
	rootObject = 6B7A1D0418B4A9EE002493B9 /* Project object */;
}
